
Microsoft Visual Studio Solution File, Format Version 12.00
# Visual Studio Version 17
VisualStudioVersion = 17.8.34316.72
MinimumVisualStudioVersion = 10.0.40219.1
Project("{FAE04EC0-301F-11D3-BF4B-00C04F79EFBC}") = "FullSD_Project_FoodCapybara.Server", "FullSD_Project_FoodCapybara\Server\FullSD_Project_FoodCapybara.Server.csproj", "{28E5426F-D07D-4291-B35B-1249596E072F}"
EndProject
Project("{FAE04EC0-301F-11D3-BF4B-00C04F79EFBC}") = "FullSD_Project_FoodCapybara.Client", "FullSD_Project_FoodCapybara\Client\FullSD_Project_FoodCapybara.Client.csproj", "{4148D414-7D8D-44A6-9AE1-72A593A97480}"
EndProject
Project("{FAE04EC0-301F-11D3-BF4B-00C04F79EFBC}") = "FullSD_Project_FoodCapybara.Shared", "FullSD_Project_FoodCapybara\Shared\FullSD_Project_FoodCapybara.Shared.csproj", "{A668460E-F021-4BD9-B457-2B94DA9432FD}"
EndProject
Global
	GlobalSection(SolutionConfigurationPlatforms) = preSolution
		Debug|Any CPU = Debug|Any CPU
		Release|Any CPU = Release|Any CPU
	EndGlobalSection
	GlobalSection(ProjectConfigurationPlatforms) = postSolution
		{28E5426F-D07D-4291-B35B-1249596E072F}.Debug|Any CPU.ActiveCfg = Debug|Any CPU
		{28E5426F-D07D-4291-B35B-1249596E072F}.Debug|Any CPU.Build.0 = Debug|Any CPU
		{28E5426F-D07D-4291-B35B-1249596E072F}.Release|Any CPU.ActiveCfg = Release|Any CPU
		{28E5426F-D07D-4291-B35B-1249596E072F}.Release|Any CPU.Build.0 = Release|Any CPU
		{4148D414-7D8D-44A6-9AE1-72A593A97480}.Debug|Any CPU.ActiveCfg = Debug|Any CPU
		{4148D414-7D8D-44A6-9AE1-72A593A97480}.Debug|Any CPU.Build.0 = Debug|Any CPU
		{4148D414-7D8D-44A6-9AE1-72A593A97480}.Release|Any CPU.ActiveCfg = Release|Any CPU
		{4148D414-7D8D-44A6-9AE1-72A593A97480}.Release|Any CPU.Build.0 = Release|Any CPU
		{A668460E-F021-4BD9-B457-2B94DA9432FD}.Debug|Any CPU.ActiveCfg = Debug|Any CPU
		{A668460E-F021-4BD9-B457-2B94DA9432FD}.Debug|Any CPU.Build.0 = Debug|Any CPU
		{A668460E-F021-4BD9-B457-2B94DA9432FD}.Release|Any CPU.ActiveCfg = Release|Any CPU
		{A668460E-F021-4BD9-B457-2B94DA9432FD}.Release|Any CPU.Build.0 = Release|Any CPU
	EndGlobalSection
	GlobalSection(SolutionProperties) = preSolution
		HideSolutionNode = FALSE
	EndGlobalSection
	GlobalSection(ExtensibilityGlobals) = postSolution
		SolutionGuid = {B9A79676-418B-4340-9D70-2B158295ABCC}
	EndGlobalSection
EndGlobal
